
Microsoft Visual Studio Solution File, Format Version 12.00
# Visual Studio Version 16
VisualStudioVersion = 16.0.29911.84
MinimumVisualStudioVersion = 10.0.40219.1
Project("{FAE04EC0-301F-11D3-BF4B-00C04F79EFBC}") = "Web Api", "WebApi\WebApi.csproj", "{D7D0CB8C-A1A3-4388-B73A-E1E954EB19C4}"
EndProject
Global
	GlobalSection(SolutionConfigurationPlatforms) = preSolution
		Debug|Any CPU = Debug|Any CPU
		Release|Any CPU = Release|Any CPU
	EndGlobalSection
	GlobalSection(ProjectConfigurationPlatforms) = postSolution
		{D7D0CB8C-A1A3-4388-B73A-E1E954EB19C4}.Debug|Any CPU.ActiveCfg = Debug|Any CPU
		{D7D0CB8C-A1A3-4388-B73A-E1E954EB19C4}.Debug|Any CPU.Build.0 = Debug|Any CPU
		{D7D0CB8C-A1A3-4388-B73A-E1E954EB19C4}.Release|Any CPU.ActiveCfg = Release|Any CPU
		{D7D0CB8C-A1A3-4388-B73A-E1E954EB19C4}.Release|Any CPU.Build.0 = Release|Any CPU
	EndGlobalSection
	GlobalSection(SolutionProperties) = preSolution
		HideSolutionNode = FALSE
	EndGlobalSection
	GlobalSection(ExtensibilityGlobals) = postSolution
		SolutionGuid = {230268E4-BB76-42B1-A5BD-376F0D2B1D2B}
	EndGlobalSection
EndGlobal
